
Microsoft Visual Studio Solution File, Format Version 12.00
# Visual Studio Version 17
VisualStudioVersion = 17.7.34024.191
MinimumVisualStudioVersion = 10.0.40219.1
Project("{9A19103F-16F7-4668-BE54-9A1E7A4F7556}") = "MMClipboard", "MMClipboard.csproj", "{819F5319-F737-49FD-8390-757FCD48D9D5}"
EndProject
Project("{9A19103F-16F7-4668-BE54-9A1E7A4F7556}") = "HtKit", "HtKit\HtKit.csproj", "{9B3D5C9A-CA24-4DA9-B1F4-6D8B65F1F172}"
EndProject
Global
	GlobalSection(SolutionConfigurationPlatforms) = preSolution
		Debug|Any CPU = Debug|Any CPU
		Release|Any CPU = Release|Any CPU
	EndGlobalSection
	GlobalSection(ProjectConfigurationPlatforms) = postSolution
		{819F5319-F737-49FD-8390-757FCD48D9D5}.Debug|Any CPU.ActiveCfg = Debug|Any CPU
		{819F5319-F737-49FD-8390-757FCD48D9D5}.Debug|Any CPU.Build.0 = Debug|Any CPU
		{819F5319-F737-49FD-8390-757FCD48D9D5}.Release|Any CPU.ActiveCfg = Release|Any CPU
		{819F5319-F737-49FD-8390-757FCD48D9D5}.Release|Any CPU.Build.0 = Release|Any CPU
		{9B3D5C9A-CA24-4DA9-B1F4-6D8B65F1F172}.Debug|Any CPU.ActiveCfg = Debug|Any CPU
		{9B3D5C9A-CA24-4DA9-B1F4-6D8B65F1F172}.Debug|Any CPU.Build.0 = Debug|Any CPU
		{9B3D5C9A-CA24-4DA9-B1F4-6D8B65F1F172}.Release|Any CPU.ActiveCfg = Release|Any CPU
		{9B3D5C9A-CA24-4DA9-B1F4-6D8B65F1F172}.Release|Any CPU.Build.0 = Release|Any CPU
	EndGlobalSection
	GlobalSection(SolutionProperties) = preSolution
		HideSolutionNode = FALSE
	EndGlobalSection
	GlobalSection(ExtensibilityGlobals) = postSolution
		SolutionGuid = {AC64155F-186D-4108-99CC-9A46E77B9C96}
	EndGlobalSection
EndGlobal
